
Microsoft Visual Studio Solution File, Format Version 12.00
# Visual Studio Version 17
VisualStudioVersion = 17.9.34701.34
MinimumVisualStudioVersion = 10.0.40219.1
Project("{FAE04EC0-301F-11D3-BF4B-00C04F79EFBC}") = "3_10_5", "3_10_5\3_10_5.csproj", "{CE199120-ADB7-4153-A4E9-B83A641C9FC9}"
EndProject
Global
	GlobalSection(SolutionConfigurationPlatforms) = preSolution
		Debug|Any CPU = Debug|Any CPU
		Release|Any CPU = Release|Any CPU
	EndGlobalSection
	GlobalSection(ProjectConfigurationPlatforms) = postSolution
		{CE199120-ADB7-4153-A4E9-B83A641C9FC9}.Debug|Any CPU.ActiveCfg = Debug|Any CPU
		{CE199120-ADB7-4153-A4E9-B83A641C9FC9}.Debug|Any CPU.Build.0 = Debug|Any CPU
		{CE199120-ADB7-4153-A4E9-B83A641C9FC9}.Release|Any CPU.ActiveCfg = Release|Any CPU
		{CE199120-ADB7-4153-A4E9-B83A641C9FC9}.Release|Any CPU.Build.0 = Release|Any CPU
	EndGlobalSection
	GlobalSection(SolutionProperties) = preSolution
		HideSolutionNode = FALSE
	EndGlobalSection
	GlobalSection(ExtensibilityGlobals) = postSolution
		SolutionGuid = {C9EBA85B-E2D5-47C4-9832-CBBA18560195}
	EndGlobalSection
EndGlobal
